
Microsoft Visual Studio Solution File, Format Version 12.00
# Visual Studio Version 17
VisualStudioVersion = 17.7.34031.279
MinimumVisualStudioVersion = 10.0.40219.1
Project("{FAE04EC0-301F-11D3-BF4B-00C04F79EFBC}") = "PDO_SMTP_MailKit", "PDO_SMTP_MailKit\PDO_SMTP_MailKit.csproj", "{A57D4EA6-E9E8-4F0E-957E-598E813E4110}"
EndProject
Global
	GlobalSection(SolutionConfigurationPlatforms) = preSolution
		Debug|Any CPU = Debug|Any CPU
		Release|Any CPU = Release|Any CPU
	EndGlobalSection
	GlobalSection(ProjectConfigurationPlatforms) = postSolution
		{A57D4EA6-E9E8-4F0E-957E-598E813E4110}.Debug|Any CPU.ActiveCfg = Debug|Any CPU
		{A57D4EA6-E9E8-4F0E-957E-598E813E4110}.Debug|Any CPU.Build.0 = Debug|Any CPU
		{A57D4EA6-E9E8-4F0E-957E-598E813E4110}.Release|Any CPU.ActiveCfg = Release|Any CPU
		{A57D4EA6-E9E8-4F0E-957E-598E813E4110}.Release|Any CPU.Build.0 = Release|Any CPU
	EndGlobalSection
	GlobalSection(SolutionProperties) = preSolution
		HideSolutionNode = FALSE
	EndGlobalSection
	GlobalSection(ExtensibilityGlobals) = postSolution
		SolutionGuid = {4E7456D5-29C7-4888-86EA-BEE4FECF97AC}
	EndGlobalSection
EndGlobal
